{
  "version": 4,
  "terraform_version": "1.5.6",
  "serial": 12,
  "lineage": "345d0010-0e84-9213-533d-ebf4b8fe696e",
  "outputs": {},
  "resources": [
    {
      "mode": "managed",
      "type": "google_sql_database_instance",
      "name": "lz",
      "provider": "provider[\"registry.terraform.io/hashicorp/google\"]",
      "instances": [
        {
          "index_key": "demo1",
          "schema_version": 0,
          "attributes": {
            "available_maintenance_versions": [],
            "clone": [],
            "connection_name": "ojala-1-devops-cloud-iac:europe-north1:my-database-instance",
            "database_version": "MYSQL_8_0",
            "deletion_protection": true,
            "dns_name": "18e3921b45ea.8qa7lsp32hfw.europe-north1.sql.goog.",
            "encryption_key_name": null,
            "first_ip_address": null,
            "id": "my-database-instance",
            "instance_type": "CLOUD_SQL_INSTANCE",
            "ip_address": [],
            "maintenance_version": "MYSQL_8_0_31.R20231105.01_03",
            "master_instance_name": "",
            "name": "my-database-instance",
            "private_ip_address": "",
            "project": "ojala-1-devops-cloud-iac",
            "psc_service_attachment_link": "projects/paa37a16906ae5bc5p-tp/regions/europe-north1/serviceAttachments/a-18e3921b45ea-psc-service-attachment-0c07e15dc2d56fad",
            "public_ip_address": "",
            "region": "europe-north1",
            "replica_configuration": [],
            "restore_backup_context": [],
            "root_password": null,
            "self_link": "https://sqladmin.googleapis.com/sql/v1beta4/projects/ojala-1-devops-cloud-iac/instances/my-database-instance",
            "server_ca_cert": [
              {
                "cert": "-----BEGIN CERTIFICATE-----\nMIIDfzCCAmegAwIBAgIBADANBgkqhkiG9w0BAQsFADB3MS0wKwYDVQQuEyQxMDRl\nNDE3OC1kNTU0LTRlODgtOGVlMi1lZTdlNWVlOTMzYjIxIzAhBgNVBAMTGkdvb2ds\nZSBDbG91ZCBTUUwgU2VydmVyIENBMRQwEgYDVQQKEwtHb29nbGUsIEluYzELMAkG\nA1UEBhMCVVMwHhcNMjMxMjI4MTM0NTEyWhcNMzMxMjI1MTM0NjEyWjB3MS0wKwYD\nVQQuEyQxMDRlNDE3OC1kNTU0LTRlODgtOGVlMi1lZTdlNWVlOTMzYjIxIzAhBgNV\nBAMTGkdvb2dsZSBDbG91ZCBTUUwgU2VydmVyIENBMRQwEgYDVQQKEwtHb29nbGUs\nIEluYzELMAkGA1UEBhMCVVMwggEiMA0GCSqGSIb3DQEBAQUAA4IBDwAwggEKAoIB\nAQCjGe36mNQpQKpzksOIAuvbN9PHzM8RN3D0AirtmVmfKTa8vt9BDkktmjE12i1T\ngsSJRsZuglGiW57Z2++3+2REBddofTNTlJeSIV9GCjjgzyktKzgjN/Ib7QG+0PKo\n2du8034xAMHWBu4urVYdtf7i4LzVn/Gm5tL1Buyv0r6TfWrCjxqg3ewQEKB4t5Nj\nvprYpolnsA7td5CyItPtTCGveO5HzYHu6TQaTimo7TwOLEmCXLw5H7uK5CUOdinK\n5SNzH/aX0LrOXFncWWnpYodbte47frhBIaLjImuh/30FN2IdewzloeJYz6lN9464\n0akLNGvuu+5AxqaFXg9THuTXAgMBAAGjFjAUMBIGA1UdEwEB/wQIMAYBAf8CAQAw\nDQYJKoZIhvcNAQELBQADggEBAAXFFWOrZSNRsUqpFseJpD/GK9xrPWqFjbERX5dt\n3bMrIeWDlDSy1SaBZEDA9ZdLHMfFEcEG4F1TOnyULQ0+5lBYEhGS20yVBP1zgbUS\nxIzS6VTRTzN8hmY/PlSRww6/2Kvnocfb7IVF3idq11OV/IDZFKurzdrMjzkcJUoy\nCyTdJLheMsK1v20rgm0Y3zPR3uFZxoXe1viEsqdIY3xHBgZbb7yokH5cQb5cshAf\ne8VFgrpxq4cEBQ18HhvULAMgNOeGzVa9++fiQ285kyjA9yCMdn734SPzolrK1gZD\nBuM26MvSwGd+VZ2bT3JYSt8ujXsLIRBYo+KEGdeonsvN3B4=\n-----END CERTIFICATE-----",
                "common_name": "C=US,O=Google\\, Inc,CN=Google Cloud SQL Server CA,dnQualifier=104e4178-d554-4e88-8ee2-ee7e5ee933b2",
                "create_time": "2023-12-28T13:45:12.763Z",
                "expiration_time": "2033-12-25T13:46:12.763Z",
                "sha1_fingerprint": "34215fea9a908552e1cfc06b828bc1ccb00ae945"
              }
            ],
            "service_account_email_address": "p761617570882-qekrv9@gcp-sa-cloud-sql.iam.gserviceaccount.com",
            "settings": [
              {
                "activation_policy": "ALWAYS",
                "active_directory_config": [],
                "advanced_machine_features": [],
                "availability_type": "REGIONAL",
                "backup_configuration": [
                  {
                    "backup_retention_settings": [
                      {
                        "retained_backups": 7,
                        "retention_unit": "COUNT"
                      }
                    ],
                    "binary_log_enabled": true,
                    "enabled": true,
                    "location": "",
                    "point_in_time_recovery_enabled": false,
                    "start_time": "21:00",
                    "transaction_log_retention_days": 7
                  }
                ],
                "collation": "",
                "connector_enforcement": "NOT_REQUIRED",
                "data_cache_config": [],
                "database_flags": [],
                "deletion_protection_enabled": false,
                "deny_maintenance_period": [],
                "disk_autoresize": true,
                "disk_autoresize_limit": 0,
                "disk_size": 10,
                "disk_type": "PD_SSD",
                "edition": "ENTERPRISE",
                "insights_config": [],
                "ip_configuration": [
                  {
                    "allocated_ip_range": "",
                    "authorized_networks": [],
                    "enable_private_path_for_google_cloud_services": true,
                    "ipv4_enabled": false,
                    "private_network": "",
                    "psc_config": [
                      {
                        "allowed_consumer_projects": [
                          "ojala-1-devops-cloud-iac"
                        ],
                        "psc_enabled": true
                      }
                    ],
                    "require_ssl": false,
                    "ssl_mode": ""
                  }
                ],
                "location_preference": [
                  {
                    "follow_gae_application": "",
                    "secondary_zone": "",
                    "zone": "europe-north1-a"
                  }
                ],
                "maintenance_window": [],
                "password_validation_policy": [],
                "pricing_plan": "PER_USE",
                "sql_server_audit_config": [],
                "tier": "db-f1-micro",
                "time_zone": "",
                "user_labels": {},
                "version": 5
              }
            ],
            "timeouts": null
          },
          "sensitive_attributes": [],
          "private": "eyJlMmJmYjczMC1lY2FhLTExZTYtOGY4OC0zNDM2M2JjN2M0YzAiOnsiY3JlYXRlIjoyNDAwMDAwMDAwMDAwLCJkZWxldGUiOjE4MDAwMDAwMDAwMDAsInVwZGF0ZSI6MTgwMDAwMDAwMDAwMH19"
        }
      ]
    }
  ],
  "check_results": null
}
