{
  "version": 4,
  "terraform_version": "1.5.6",
  "serial": 65,
  "lineage": "d6e26797-0973-71d3-60f6-3eb336a6d6e7",
  "outputs": {
    "gcp_compute_address": {
      "value": {
        "demo1": {
          "address": "10.10.10.14",
          "address_type": "INTERNAL",
          "creation_timestamp": "2023-12-28T03:22:11.284-08:00",
          "description": "",
          "effective_labels": {},
          "id": "projects/ojala-1-devops-cloud-iac/regions/europe-north1/addresses/ip-demo1",
          "ip_version": "",
          "ipv6_endpoint_type": "",
          "label_fingerprint": "42WmSpB8rSM=",
          "labels": {},
          "name": "ip-demo1",
          "network": "",
          "network_tier": "PREMIUM",
          "prefix_length": 0,
          "project": "ojala-1-devops-cloud-iac",
          "purpose": "GCE_ENDPOINT",
          "region": "europe-north1",
          "self_link": "https://www.googleapis.com/compute/v1/projects/ojala-1-devops-cloud-iac/regions/europe-north1/addresses/ip-demo1",
          "subnetwork": "https://www.googleapis.com/compute/v1/projects/ojala-1-devops-cloud-iac/regions/europe-north1/subnetworks/snet-cameyo",
          "terraform_labels": {},
          "timeouts": null,
          "users": []
        },
        "demo2": {
          "address": "34.88.155.104",
          "address_type": "EXTERNAL",
          "creation_timestamp": "2023-12-28T03:20:32.869-08:00",
          "description": "",
          "effective_labels": {},
          "id": "projects/ojala-1-devops-cloud-iac/regions/europe-north1/addresses/ip-demo2",
          "ip_version": "",
          "ipv6_endpoint_type": "",
          "label_fingerprint": "42WmSpB8rSM=",
          "labels": {},
          "name": "ip-demo2",
          "network": "",
          "network_tier": "PREMIUM",
          "prefix_length": 0,
          "project": "ojala-1-devops-cloud-iac",
          "purpose": "",
          "region": "europe-north1",
          "self_link": "https://www.googleapis.com/compute/v1/projects/ojala-1-devops-cloud-iac/regions/europe-north1/addresses/ip-demo2",
          "subnetwork": "",
          "terraform_labels": {},
          "timeouts": null,
          "users": []
        }
      },
      "type": [
        "object",
        {
          "demo1": [
            "object",
            {
              "address": "string",
              "address_type": "string",
              "creation_timestamp": "string",
              "description": "string",
              "effective_labels": [
                "map",
                "string"
              ],
              "id": "string",
              "ip_version": "string",
              "ipv6_endpoint_type": "string",
              "label_fingerprint": "string",
              "labels": [
                "map",
                "string"
              ],
              "name": "string",
              "network": "string",
              "network_tier": "string",
              "prefix_length": "number",
              "project": "string",
              "purpose": "string",
              "region": "string",
              "self_link": "string",
              "subnetwork": "string",
              "terraform_labels": [
                "map",
                "string"
              ],
              "timeouts": [
                "object",
                {
                  "create": "string",
                  "delete": "string",
                  "update": "string"
                }
              ],
              "users": [
                "list",
                "string"
              ]
            }
          ],
          "demo2": [
            "object",
            {
              "address": "string",
              "address_type": "string",
              "creation_timestamp": "string",
              "description": "string",
              "effective_labels": [
                "map",
                "string"
              ],
              "id": "string",
              "ip_version": "string",
              "ipv6_endpoint_type": "string",
              "label_fingerprint": "string",
              "labels": [
                "map",
                "string"
              ],
              "name": "string",
              "network": "string",
              "network_tier": "string",
              "prefix_length": "number",
              "project": "string",
              "purpose": "string",
              "region": "string",
              "self_link": "string",
              "subnetwork": "string",
              "terraform_labels": [
                "map",
                "string"
              ],
              "timeouts": [
                "object",
                {
                  "create": "string",
                  "delete": "string",
                  "update": "string"
                }
              ],
              "users": [
                "list",
                "string"
              ]
            }
          ]
        }
      ]
    },
    "gcp_compute_instance": {
      "value": {
        "demovm1": {
          "advanced_machine_features": [],
          "allow_stopping_for_update": true,
          "attached_disk": [
            {
              "device_name": "persistent-disk-2",
              "disk_encryption_key_raw": "",
              "disk_encryption_key_sha256": "",
              "kms_key_self_link": "",
              "mode": "READ_WRITE",
              "source": "https://www.googleapis.com/compute/v1/projects/ojala-1-devops-cloud-iac/zones/europe-north1-c/disks/test-vm-disk"
            }
          ],
          "boot_disk": [
            {
              "auto_delete": true,
              "device_name": "persistent-disk-0",
              "disk_encryption_key_raw": "",
              "disk_encryption_key_sha256": "",
              "initialize_params": [
                {
                  "image": "https://www.googleapis.com/compute/v1/projects/centos-cloud/global/images/centos-stream-9-v20231212",
                  "labels": {
                    "my_label": "value"
                  },
                  "resource_manager_tags": {},
                  "size": 20,
                  "type": "pd-standard"
                }
              ],
              "kms_key_self_link": "",
              "mode": "READ_WRITE",
              "source": "https://www.googleapis.com/compute/v1/projects/ojala-1-devops-cloud-iac/zones/europe-north1-c/disks/my-instance"
            }
          ],
          "can_ip_forward": false,
          "confidential_instance_config": [],
          "cpu_platform": "Unknown CPU Platform",
          "current_status": "TERMINATED",
          "deletion_protection": false,
          "description": "",
          "desired_status": null,
          "effective_labels": {},
          "enable_display": false,
          "guest_accelerator": [],
          "hostname": "",
          "id": "projects/ojala-1-devops-cloud-iac/zones/europe-north1-c/instances/my-instance",
          "instance_id": "646303001054600369",
          "label_fingerprint": "42WmSpB8rSM=",
          "labels": {},
          "machine_type": "n2-standard-2",
          "metadata": {
            "foo": "bar"
          },
          "metadata_fingerprint": "wMGL8SsZpDU=",
          "metadata_startup_script": "echo hi \u003e /test.txt",
          "min_cpu_platform": "",
          "name": "my-instance",
          "network_interface": [
            {
              "access_config": [],
              "alias_ip_range": [],
              "internal_ipv6_prefix_length": 0,
              "ipv6_access_config": [],
              "ipv6_access_type": "",
              "ipv6_address": "",
              "name": "nic0",
              "network": "https://www.googleapis.com/compute/v1/projects/ojala-1-devops-cloud-iac/global/networks/vnet-cameyo",
              "network_ip": "10.10.10.15",
              "nic_type": "",
              "queue_count": 0,
              "stack_type": "IPV4_ONLY",
              "subnetwork": "https://www.googleapis.com/compute/v1/projects/ojala-1-devops-cloud-iac/regions/europe-north1/subnetworks/snet-cameyo",
              "subnetwork_project": "ojala-1-devops-cloud-iac"
            }
          ],
          "network_performance_config": [],
          "params": [],
          "project": "ojala-1-devops-cloud-iac",
          "reservation_affinity": [],
          "resource_policies": [],
          "scheduling": [
            {
              "automatic_restart": true,
              "instance_termination_action": "",
              "local_ssd_recovery_timeout": [],
              "min_node_cpus": 0,
              "node_affinities": [],
              "on_host_maintenance": "MIGRATE",
              "preemptible": false,
              "provisioning_model": "STANDARD"
            }
          ],
          "scratch_disk": [
            {
              "device_name": "local-ssd-0",
              "interface": "NVME",
              "size": 375
            }
          ],
          "self_link": "https://www.googleapis.com/compute/v1/projects/ojala-1-devops-cloud-iac/zones/europe-north1-c/instances/my-instance",
          "service_account": [
            {
              "email": "sa-demo-vm1@ojala-1-devops-cloud-iac.iam.gserviceaccount.com",
              "scopes": [
                "https://www.googleapis.com/auth/devstorage.read_only",
                "https://www.googleapis.com/auth/logging.write",
                "https://www.googleapis.com/auth/monitoring",
                "https://www.googleapis.com/auth/service.management.readonly",
                "https://www.googleapis.com/auth/servicecontrol"
              ]
            }
          ],
          "shielded_instance_config": [
            {
              "enable_integrity_monitoring": true,
              "enable_secure_boot": false,
              "enable_vtpm": true
            }
          ],
          "tags": [
            "bar",
            "foo"
          ],
          "tags_fingerprint": "1gqCRgrww4E=",
          "terraform_labels": {},
          "timeouts": null,
          "zone": "europe-north1-c"
        }
      },
      "type": [
        "object",
        {
          "demovm1": [
            "object",
            {
              "advanced_machine_features": [
                "list",
                [
                  "object",
                  {
                    "enable_nested_virtualization": "bool",
                    "threads_per_core": "number",
                    "visible_core_count": "number"
                  }
                ]
              ],
              "allow_stopping_for_update": "bool",
              "attached_disk": [
                "list",
                [
                  "object",
                  {
                    "device_name": "string",
                    "disk_encryption_key_raw": "string",
                    "disk_encryption_key_sha256": "string",
                    "kms_key_self_link": "string",
                    "mode": "string",
                    "source": "string"
                  }
                ]
              ],
              "boot_disk": [
                "list",
                [
                  "object",
                  {
                    "auto_delete": "bool",
                    "device_name": "string",
                    "disk_encryption_key_raw": "string",
                    "disk_encryption_key_sha256": "string",
                    "initialize_params": [
                      "list",
                      [
                        "object",
                        {
                          "image": "string",
                          "labels": [
                            "map",
                            "string"
                          ],
                          "resource_manager_tags": [
                            "map",
                            "string"
                          ],
                          "size": "number",
                          "type": "string"
                        }
                      ]
                    ],
                    "kms_key_self_link": "string",
                    "mode": "string",
                    "source": "string"
                  }
                ]
              ],
              "can_ip_forward": "bool",
              "confidential_instance_config": [
                "list",
                [
                  "object",
                  {
                    "enable_confidential_compute": "bool"
                  }
                ]
              ],
              "cpu_platform": "string",
              "current_status": "string",
              "deletion_protection": "bool",
              "description": "string",
              "desired_status": "string",
              "effective_labels": [
                "map",
                "string"
              ],
              "enable_display": "bool",
              "guest_accelerator": [
                "list",
                [
                  "object",
                  {
                    "count": "number",
                    "type": "string"
                  }
                ]
              ],
              "hostname": "string",
              "id": "string",
              "instance_id": "string",
              "label_fingerprint": "string",
              "labels": [
                "map",
                "string"
              ],
              "machine_type": "string",
              "metadata": [
                "map",
                "string"
              ],
              "metadata_fingerprint": "string",
              "metadata_startup_script": "string",
              "min_cpu_platform": "string",
              "name": "string",
              "network_interface": [
                "list",
                [
                  "object",
                  {
                    "access_config": [
                      "list",
                      [
                        "object",
                        {
                          "nat_ip": "string",
                          "network_tier": "string",
                          "public_ptr_domain_name": "string"
                        }
                      ]
                    ],
                    "alias_ip_range": [
                      "list",
                      [
                        "object",
                        {
                          "ip_cidr_range": "string",
                          "subnetwork_range_name": "string"
                        }
                      ]
                    ],
                    "internal_ipv6_prefix_length": "number",
                    "ipv6_access_config": [
                      "list",
                      [
                        "object",
                        {
                          "external_ipv6": "string",
                          "external_ipv6_prefix_length": "string",
                          "name": "string",
                          "network_tier": "string",
                          "public_ptr_domain_name": "string"
                        }
                      ]
                    ],
                    "ipv6_access_type": "string",
                    "ipv6_address": "string",
                    "name": "string",
                    "network": "string",
                    "network_ip": "string",
                    "nic_type": "string",
                    "queue_count": "number",
                    "stack_type": "string",
                    "subnetwork": "string",
                    "subnetwork_project": "string"
                  }
                ]
              ],
              "network_performance_config": [
                "list",
                [
                  "object",
                  {
                    "total_egress_bandwidth_tier": "string"
                  }
                ]
              ],
              "params": [
                "list",
                [
                  "object",
                  {
                    "resource_manager_tags": [
                      "map",
                      "string"
                    ]
                  }
                ]
              ],
              "project": "string",
              "reservation_affinity": [
                "list",
                [
                  "object",
                  {
                    "specific_reservation": [
                      "list",
                      [
                        "object",
                        {
                          "key": "string",
                          "values": [
                            "list",
                            "string"
                          ]
                        }
                      ]
                    ],
                    "type": "string"
                  }
                ]
              ],
              "resource_policies": [
                "list",
                "string"
              ],
              "scheduling": [
                "list",
                [
                  "object",
                  {
                    "automatic_restart": "bool",
                    "instance_termination_action": "string",
                    "local_ssd_recovery_timeout": [
                      "list",
                      [
                        "object",
                        {
                          "nanos": "number",
                          "seconds": "number"
                        }
                      ]
                    ],
                    "min_node_cpus": "number",
                    "node_affinities": [
                      "set",
                      [
                        "object",
                        {
                          "key": "string",
                          "operator": "string",
                          "values": [
                            "set",
                            "string"
                          ]
                        }
                      ]
                    ],
                    "on_host_maintenance": "string",
                    "preemptible": "bool",
                    "provisioning_model": "string"
                  }
                ]
              ],
              "scratch_disk": [
                "list",
                [
                  "object",
                  {
                    "device_name": "string",
                    "interface": "string",
                    "size": "number"
                  }
                ]
              ],
              "self_link": "string",
              "service_account": [
                "list",
                [
                  "object",
                  {
                    "email": "string",
                    "scopes": [
                      "set",
                      "string"
                    ]
                  }
                ]
              ],
              "shielded_instance_config": [
                "list",
                [
                  "object",
                  {
                    "enable_integrity_monitoring": "bool",
                    "enable_secure_boot": "bool",
                    "enable_vtpm": "bool"
                  }
                ]
              ],
              "tags": [
                "set",
                "string"
              ],
              "tags_fingerprint": "string",
              "terraform_labels": [
                "map",
                "string"
              ],
              "timeouts": [
                "object",
                {
                  "create": "string",
                  "delete": "string",
                  "update": "string"
                }
              ],
              "zone": "string"
            }
          ]
        }
      ],
      "sensitive": true
    }
  },
  "resources": [
    {
      "mode": "managed",
      "type": "google_compute_address",
      "name": "lz",
      "provider": "provider[\"registry.terraform.io/hashicorp/google\"]",
      "instances": [
        {
          "index_key": "demo1",
          "schema_version": 0,
          "attributes": {
            "address": "10.10.10.14",
            "address_type": "INTERNAL",
            "creation_timestamp": "2023-12-28T03:22:11.284-08:00",
            "description": "",
            "effective_labels": {},
            "id": "projects/ojala-1-devops-cloud-iac/regions/europe-north1/addresses/ip-demo1",
            "ip_version": "",
            "ipv6_endpoint_type": "",
            "label_fingerprint": "42WmSpB8rSM=",
            "labels": {},
            "name": "ip-demo1",
            "network": "",
            "network_tier": "PREMIUM",
            "prefix_length": 0,
            "project": "ojala-1-devops-cloud-iac",
            "purpose": "GCE_ENDPOINT",
            "region": "europe-north1",
            "self_link": "https://www.googleapis.com/compute/v1/projects/ojala-1-devops-cloud-iac/regions/europe-north1/addresses/ip-demo1",
            "subnetwork": "https://www.googleapis.com/compute/v1/projects/ojala-1-devops-cloud-iac/regions/europe-north1/subnetworks/snet-cameyo",
            "terraform_labels": {},
            "timeouts": null,
            "users": []
          },
          "sensitive_attributes": [],
          "private": "eyJlMmJmYjczMC1lY2FhLTExZTYtOGY4OC0zNDM2M2JjN2M0YzAiOnsiY3JlYXRlIjoxMjAwMDAwMDAwMDAwLCJkZWxldGUiOjEyMDAwMDAwMDAwMDAsInVwZGF0ZSI6MTIwMDAwMDAwMDAwMH19"
        },
        {
          "index_key": "demo2",
          "schema_version": 0,
          "attributes": {
            "address": "34.88.155.104",
            "address_type": "EXTERNAL",
            "creation_timestamp": "2023-12-28T03:20:32.869-08:00",
            "description": "",
            "effective_labels": {},
            "id": "projects/ojala-1-devops-cloud-iac/regions/europe-north1/addresses/ip-demo2",
            "ip_version": "",
            "ipv6_endpoint_type": "",
            "label_fingerprint": "42WmSpB8rSM=",
            "labels": {},
            "name": "ip-demo2",
            "network": "",
            "network_tier": "PREMIUM",
            "prefix_length": 0,
            "project": "ojala-1-devops-cloud-iac",
            "purpose": "",
            "region": "europe-north1",
            "self_link": "https://www.googleapis.com/compute/v1/projects/ojala-1-devops-cloud-iac/regions/europe-north1/addresses/ip-demo2",
            "subnetwork": "",
            "terraform_labels": {},
            "timeouts": null,
            "users": []
          },
          "sensitive_attributes": [],
          "private": "eyJlMmJmYjczMC1lY2FhLTExZTYtOGY4OC0zNDM2M2JjN2M0YzAiOnsiY3JlYXRlIjoxMjAwMDAwMDAwMDAwLCJkZWxldGUiOjEyMDAwMDAwMDAwMDAsInVwZGF0ZSI6MTIwMDAwMDAwMDAwMH19"
        }
      ]
    },
    {
      "mode": "managed",
      "type": "google_compute_attached_disk",
      "name": "lz",
      "provider": "provider[\"registry.terraform.io/hashicorp/google\"]",
      "instances": [
        {
          "index_key": "demovm1_vmdisk1",
          "schema_version": 0,
          "attributes": {
            "device_name": "persistent-disk-2",
            "disk": "projects/ojala-1-devops-cloud-iac/zones/europe-north1-c/disks/test-vm-disk",
            "id": "projects/ojala-1-devops-cloud-iac/zones/europe-north1-c/instances/my-instance/test-vm-disk",
            "instance": "projects/ojala-1-devops-cloud-iac/zones/europe-north1-c/instances/my-instance",
            "mode": "READ_WRITE",
            "project": "ojala-1-devops-cloud-iac",
            "timeouts": null,
            "zone": "europe-north1-c"
          },
          "sensitive_attributes": [],
          "private": "eyJlMmJmYjczMC1lY2FhLTExZTYtOGY4OC0zNDM2M2JjN2M0YzAiOnsiY3JlYXRlIjozMDAwMDAwMDAwMDAsImRlbGV0ZSI6MzAwMDAwMDAwMDAwfX0=",
          "dependencies": [
            "google_compute_disk.lz",
            "google_compute_instance.lz",
            "google_service_account.compute",
            "google_service_account_iam_member.compute"
          ]
        }
      ]
    },
    {
      "mode": "managed",
      "type": "google_compute_disk",
      "name": "lz",
      "provider": "provider[\"registry.terraform.io/hashicorp/google\"]",
      "instances": [
        {
          "index_key": "demodisk1",
          "schema_version": 0,
          "attributes": {
            "async_primary_disk": [],
            "creation_timestamp": "2023-12-28T03:35:39.321-08:00",
            "description": "",
            "disk_encryption_key": [],
            "effective_labels": {
              "environment": "dev"
            },
            "guest_os_features": [
              {
                "type": "GVNIC"
              },
              {
                "type": "SEV_CAPABLE"
              },
              {
                "type": "UEFI_COMPATIBLE"
              },
              {
                "type": "VIRTIO_SCSI_MULTIQUEUE"
              }
            ],
            "id": "projects/ojala-1-devops-cloud-iac/zones/europe-north1-a/disks/test-disk",
            "image": "https://www.googleapis.com/compute/v1/projects/centos-cloud/global/images/centos-stream-9-v20231212",
            "label_fingerprint": "a6HI36FuYIQ=",
            "labels": {
              "environment": "dev"
            },
            "last_attach_timestamp": "",
            "last_detach_timestamp": "",
            "licenses": [
              "https://www.googleapis.com/compute/v1/projects/centos-cloud/global/licenses/centos-stream-9"
            ],
            "name": "test-disk",
            "physical_block_size_bytes": 4096,
            "project": "ojala-1-devops-cloud-iac",
            "provisioned_iops": 0,
            "provisioned_throughput": 0,
            "self_link": "https://www.googleapis.com/compute/v1/projects/ojala-1-devops-cloud-iac/zones/europe-north1-a/disks/test-disk",
            "size": 20,
            "snapshot": "",
            "source_disk": "",
            "source_disk_id": "",
            "source_image_encryption_key": [],
            "source_image_id": "5686519080804513187",
            "source_snapshot_encryption_key": [],
            "source_snapshot_id": "",
            "terraform_labels": {
              "environment": "dev"
            },
            "timeouts": null,
            "type": "pd-ssd",
            "users": [],
            "zone": "europe-north1-a"
          },
          "sensitive_attributes": [],
          "private": "eyJlMmJmYjczMC1lY2FhLTExZTYtOGY4OC0zNDM2M2JjN2M0YzAiOnsiY3JlYXRlIjoxMjAwMDAwMDAwMDAwLCJkZWxldGUiOjEyMDAwMDAwMDAwMDAsInVwZGF0ZSI6MTIwMDAwMDAwMDAwMH19"
        },
        {
          "index_key": "demovm1_vmdisk1",
          "schema_version": 0,
          "attributes": {
            "async_primary_disk": [],
            "creation_timestamp": "2023-12-28T04:16:30.667-08:00",
            "description": "",
            "disk_encryption_key": [],
            "effective_labels": {
              "environment": "dev"
            },
            "guest_os_features": [],
            "id": "projects/ojala-1-devops-cloud-iac/zones/europe-north1-c/disks/test-vm-disk",
            "image": "",
            "label_fingerprint": "a6HI36FuYIQ=",
            "labels": {
              "environment": "dev"
            },
            "last_attach_timestamp": "2023-12-28T04:16:42.022-08:00",
            "last_detach_timestamp": "",
            "licenses": [],
            "name": "test-vm-disk",
            "physical_block_size_bytes": 4096,
            "project": "ojala-1-devops-cloud-iac",
            "provisioned_iops": 0,
            "provisioned_throughput": 0,
            "self_link": "https://www.googleapis.com/compute/v1/projects/ojala-1-devops-cloud-iac/zones/europe-north1-c/disks/test-vm-disk",
            "size": 12,
            "snapshot": "",
            "source_disk": "",
            "source_disk_id": "",
            "source_image_encryption_key": [],
            "source_image_id": "",
            "source_snapshot_encryption_key": [],
            "source_snapshot_id": "",
            "terraform_labels": {
              "environment": "dev"
            },
            "timeouts": null,
            "type": "pd-ssd",
            "users": [
              "https://www.googleapis.com/compute/v1/projects/ojala-1-devops-cloud-iac/zones/europe-north1-c/instances/my-instance"
            ],
            "zone": "europe-north1-c"
          },
          "sensitive_attributes": [],
          "private": "eyJlMmJmYjczMC1lY2FhLTExZTYtOGY4OC0zNDM2M2JjN2M0YzAiOnsiY3JlYXRlIjoxMjAwMDAwMDAwMDAwLCJkZWxldGUiOjEyMDAwMDAwMDAwMDAsInVwZGF0ZSI6MTIwMDAwMDAwMDAwMH19"
        }
      ]
    },
    {
      "mode": "managed",
      "type": "google_compute_disk_iam_member",
      "name": "compute_disk",
      "provider": "provider[\"registry.terraform.io/hashicorp/google\"]",
      "instances": [
        {
          "index_key": "demodisk1_roles/compute.storageAdmin_user:petri.ojala@gmail.com",
          "schema_version": 0,
          "attributes": {
            "condition": [],
            "etag": "BwYNkFFI33E=",
            "id": "projects/ojala-1-devops-cloud-iac/zones/europe-north1-a/disks/test-disk/roles/compute.storageAdmin/user:petri.ojala@gmail.com",
            "member": "user:petri.ojala@gmail.com",
            "name": "projects/ojala-1-devops-cloud-iac/zones/europe-north1-a/disks/test-disk",
            "project": "ojala-1-devops-cloud-iac",
            "role": "roles/compute.storageAdmin",
            "zone": "europe-north1-a"
          },
          "sensitive_attributes": [],
          "private": "bnVsbA==",
          "dependencies": [
            "google_compute_disk.lz",
            "google_service_account.compute",
            "google_service_account_iam_member.compute"
          ]
        }
      ]
    },
    {
      "mode": "managed",
      "type": "google_compute_instance",
      "name": "lz",
      "provider": "provider[\"registry.terraform.io/hashicorp/google\"]",
      "instances": [
        {
          "index_key": "demovm1",
          "schema_version": 6,
          "attributes": {
            "advanced_machine_features": [],
            "allow_stopping_for_update": true,
            "attached_disk": [
              {
                "device_name": "persistent-disk-2",
                "disk_encryption_key_raw": "",
                "disk_encryption_key_sha256": "",
                "kms_key_self_link": "",
                "mode": "READ_WRITE",
                "source": "https://www.googleapis.com/compute/v1/projects/ojala-1-devops-cloud-iac/zones/europe-north1-c/disks/test-vm-disk"
              }
            ],
            "boot_disk": [
              {
                "auto_delete": true,
                "device_name": "persistent-disk-0",
                "disk_encryption_key_raw": "",
                "disk_encryption_key_sha256": "",
                "initialize_params": [
                  {
                    "image": "https://www.googleapis.com/compute/v1/projects/centos-cloud/global/images/centos-stream-9-v20231212",
                    "labels": {
                      "my_label": "value"
                    },
                    "resource_manager_tags": {},
                    "size": 20,
                    "type": "pd-standard"
                  }
                ],
                "kms_key_self_link": "",
                "mode": "READ_WRITE",
                "source": "https://www.googleapis.com/compute/v1/projects/ojala-1-devops-cloud-iac/zones/europe-north1-c/disks/my-instance"
              }
            ],
            "can_ip_forward": false,
            "confidential_instance_config": [],
            "cpu_platform": "Unknown CPU Platform",
            "current_status": "TERMINATED",
            "deletion_protection": false,
            "description": "",
            "desired_status": null,
            "effective_labels": {},
            "enable_display": false,
            "guest_accelerator": [],
            "hostname": "",
            "id": "projects/ojala-1-devops-cloud-iac/zones/europe-north1-c/instances/my-instance",
            "instance_id": "646303001054600369",
            "label_fingerprint": "42WmSpB8rSM=",
            "labels": {},
            "machine_type": "n2-standard-2",
            "metadata": {
              "foo": "bar"
            },
            "metadata_fingerprint": "wMGL8SsZpDU=",
            "metadata_startup_script": "echo hi \u003e /test.txt",
            "min_cpu_platform": "",
            "name": "my-instance",
            "network_interface": [
              {
                "access_config": [],
                "alias_ip_range": [],
                "internal_ipv6_prefix_length": 0,
                "ipv6_access_config": [],
                "ipv6_access_type": "",
                "ipv6_address": "",
                "name": "nic0",
                "network": "https://www.googleapis.com/compute/v1/projects/ojala-1-devops-cloud-iac/global/networks/vnet-cameyo",
                "network_ip": "10.10.10.15",
                "nic_type": "",
                "queue_count": 0,
                "stack_type": "IPV4_ONLY",
                "subnetwork": "https://www.googleapis.com/compute/v1/projects/ojala-1-devops-cloud-iac/regions/europe-north1/subnetworks/snet-cameyo",
                "subnetwork_project": "ojala-1-devops-cloud-iac"
              }
            ],
            "network_performance_config": [],
            "params": [],
            "project": "ojala-1-devops-cloud-iac",
            "reservation_affinity": [],
            "resource_policies": [],
            "scheduling": [
              {
                "automatic_restart": true,
                "instance_termination_action": "",
                "local_ssd_recovery_timeout": [],
                "min_node_cpus": 0,
                "node_affinities": [],
                "on_host_maintenance": "MIGRATE",
                "preemptible": false,
                "provisioning_model": "STANDARD"
              }
            ],
            "scratch_disk": [
              {
                "device_name": "local-ssd-0",
                "interface": "NVME",
                "size": 375
              }
            ],
            "self_link": "https://www.googleapis.com/compute/v1/projects/ojala-1-devops-cloud-iac/zones/europe-north1-c/instances/my-instance",
            "service_account": [
              {
                "email": "sa-demo-vm1@ojala-1-devops-cloud-iac.iam.gserviceaccount.com",
                "scopes": [
                  "https://www.googleapis.com/auth/devstorage.read_only",
                  "https://www.googleapis.com/auth/logging.write",
                  "https://www.googleapis.com/auth/monitoring",
                  "https://www.googleapis.com/auth/service.management.readonly",
                  "https://www.googleapis.com/auth/servicecontrol"
                ]
              }
            ],
            "shielded_instance_config": [
              {
                "enable_integrity_monitoring": true,
                "enable_secure_boot": false,
                "enable_vtpm": true
              }
            ],
            "tags": [
              "bar",
              "foo"
            ],
            "tags_fingerprint": "1gqCRgrww4E=",
            "terraform_labels": {},
            "timeouts": null,
            "zone": "europe-north1-c"
          },
          "sensitive_attributes": [],
          "private": "eyJlMmJmYjczMC1lY2FhLTExZTYtOGY4OC0zNDM2M2JjN2M0YzAiOnsiY3JlYXRlIjoxMjAwMDAwMDAwMDAwLCJkZWxldGUiOjEyMDAwMDAwMDAwMDAsInVwZGF0ZSI6MTIwMDAwMDAwMDAwMH0sInNjaGVtYV92ZXJzaW9uIjoiNiJ9",
          "dependencies": [
            "google_compute_disk.lz",
            "google_service_account.compute",
            "google_service_account_iam_member.compute"
          ]
        }
      ]
    },
    {
      "mode": "managed",
      "type": "google_compute_instance_iam_member",
      "name": "instance",
      "provider": "provider[\"registry.terraform.io/hashicorp/google\"]",
      "instances": [
        {
          "index_key": "demovm1_roles/compute.admin_sa-demovm1",
          "schema_version": 0,
          "attributes": {
            "condition": [],
            "etag": "BwYNkRDZk4g=",
            "id": "projects/ojala-1-devops-cloud-iac/zones/europe-north1-c/instances/my-instance/roles/compute.admin/serviceAccount:sa-demo-vm1@ojala-1-devops-cloud-iac.iam.gserviceaccount.com",
            "instance_name": "projects/ojala-1-devops-cloud-iac/zones/europe-north1-c/instances/my-instance",
            "member": "serviceAccount:sa-demo-vm1@ojala-1-devops-cloud-iac.iam.gserviceaccount.com",
            "project": "ojala-1-devops-cloud-iac",
            "role": "roles/compute.admin",
            "zone": "europe-north1-c"
          },
          "sensitive_attributes": [],
          "private": "bnVsbA==",
          "dependencies": [
            "google_compute_disk.lz",
            "google_compute_instance.lz",
            "google_service_account.compute",
            "google_service_account_iam_member.compute"
          ]
        },
        {
          "index_key": "demovm1_roles/compute.admin_user:petri.ojala@gmail.com",
          "schema_version": 0,
          "attributes": {
            "condition": [],
            "etag": "BwYNkRDZk4g=",
            "id": "projects/ojala-1-devops-cloud-iac/zones/europe-north1-c/instances/my-instance/roles/compute.admin/user:petri.ojala@gmail.com",
            "instance_name": "projects/ojala-1-devops-cloud-iac/zones/europe-north1-c/instances/my-instance",
            "member": "user:petri.ojala@gmail.com",
            "project": "ojala-1-devops-cloud-iac",
            "role": "roles/compute.admin",
            "zone": "europe-north1-c"
          },
          "sensitive_attributes": [],
          "private": "bnVsbA==",
          "dependencies": [
            "google_compute_disk.lz",
            "google_compute_instance.lz",
            "google_service_account.compute",
            "google_service_account_iam_member.compute"
          ]
        }
      ]
    },
    {
      "mode": "managed",
      "type": "google_service_account",
      "name": "compute",
      "provider": "provider[\"registry.terraform.io/hashicorp/google\"]",
      "instances": [
        {
          "index_key": "sa-demovm1",
          "schema_version": 0,
          "attributes": {
            "account_id": "sa-demo-vm1",
            "description": "",
            "disabled": false,
            "display_name": "Service Account for demo VM1",
            "email": "sa-demo-vm1@ojala-1-devops-cloud-iac.iam.gserviceaccount.com",
            "id": "projects/ojala-1-devops-cloud-iac/serviceAccounts/sa-demo-vm1@ojala-1-devops-cloud-iac.iam.gserviceaccount.com",
            "member": "serviceAccount:sa-demo-vm1@ojala-1-devops-cloud-iac.iam.gserviceaccount.com",
            "name": "projects/ojala-1-devops-cloud-iac/serviceAccounts/sa-demo-vm1@ojala-1-devops-cloud-iac.iam.gserviceaccount.com",
            "project": "ojala-1-devops-cloud-iac",
            "timeouts": null,
            "unique_id": "115892675544744389058"
          },
          "sensitive_attributes": [],
          "private": "eyJlMmJmYjczMC1lY2FhLTExZTYtOGY4OC0zNDM2M2JjN2M0YzAiOnsiY3JlYXRlIjozMDAwMDAwMDAwMDB9fQ=="
        }
      ]
    },
    {
      "mode": "managed",
      "type": "google_service_account_iam_member",
      "name": "compute",
      "provider": "provider[\"registry.terraform.io/hashicorp/google\"]",
      "instances": [
        {
          "index_key": "sa-demovm1_roles/iam.serviceAccountUser_domain:ojala.cloud",
          "schema_version": 0,
          "attributes": {
            "condition": [],
            "etag": "BwYNkVPHTUY=",
            "id": "projects/ojala-1-devops-cloud-iac/serviceAccounts/sa-demo-vm1@ojala-1-devops-cloud-iac.iam.gserviceaccount.com/roles/iam.serviceAccountUser/domain:ojala.cloud",
            "member": "domain:ojala.cloud",
            "role": "roles/iam.serviceAccountUser",
            "service_account_id": "projects/ojala-1-devops-cloud-iac/serviceAccounts/sa-demo-vm1@ojala-1-devops-cloud-iac.iam.gserviceaccount.com"
          },
          "sensitive_attributes": [],
          "private": "bnVsbA==",
          "dependencies": [
            "google_service_account.compute"
          ]
        },
        {
          "index_key": "sa-demovm1_roles/iam.serviceAccountUser_user:petri.ojala@gmail.com",
          "schema_version": 0,
          "attributes": {
            "condition": [],
            "etag": "BwYNkVPHTUY=",
            "id": "projects/ojala-1-devops-cloud-iac/serviceAccounts/sa-demo-vm1@ojala-1-devops-cloud-iac.iam.gserviceaccount.com/roles/iam.serviceAccountUser/user:petri.ojala@gmail.com",
            "member": "user:petri.ojala@gmail.com",
            "role": "roles/iam.serviceAccountUser",
            "service_account_id": "projects/ojala-1-devops-cloud-iac/serviceAccounts/sa-demo-vm1@ojala-1-devops-cloud-iac.iam.gserviceaccount.com"
          },
          "sensitive_attributes": [],
          "private": "bnVsbA==",
          "dependencies": [
            "google_service_account.compute"
          ]
        },
        {
          "index_key": "sa-demovm1_roles/iam.serviceAccountUser_user:petri@ojala.cloud",
          "schema_version": 0,
          "attributes": {
            "condition": [],
            "etag": "BwYNkVPHTUY=",
            "id": "projects/ojala-1-devops-cloud-iac/serviceAccounts/sa-demo-vm1@ojala-1-devops-cloud-iac.iam.gserviceaccount.com/roles/iam.serviceAccountUser/user:petri@ojala.cloud",
            "member": "user:petri@ojala.cloud",
            "role": "roles/iam.serviceAccountUser",
            "service_account_id": "projects/ojala-1-devops-cloud-iac/serviceAccounts/sa-demo-vm1@ojala-1-devops-cloud-iac.iam.gserviceaccount.com"
          },
          "sensitive_attributes": [],
          "private": "bnVsbA==",
          "dependencies": [
            "google_service_account.compute"
          ]
        }
      ]
    },
    {
      "mode": "managed",
      "type": "google_service_account_key",
      "name": "compute",
      "provider": "provider[\"registry.terraform.io/hashicorp/google\"]",
      "instances": [
        {
          "index_key": "sa-demovm1",
          "schema_version": 0,
          "attributes": {
            "id": "projects/ojala-1-devops-cloud-iac/serviceAccounts/sa-demo-vm1@ojala-1-devops-cloud-iac.iam.gserviceaccount.com/keys/17a2a71573b67201bcd101050591725e237c234b",
            "keepers": {
              "rotation_time": "2024-01-27T13:00:47Z"
            },
            "key_algorithm": "KEY_ALG_RSA_2048",
            "name": "projects/ojala-1-devops-cloud-iac/serviceAccounts/sa-demo-vm1@ojala-1-devops-cloud-iac.iam.gserviceaccount.com/keys/17a2a71573b67201bcd101050591725e237c234b",
            "private_key": "ewogICJ0eXBlIjogInNlcnZpY2VfYWNjb3VudCIsCiAgInByb2plY3RfaWQiOiAib2phbGEtMS1kZXZvcHMtY2xvdWQtaWFjIiwKICAicHJpdmF0ZV9rZXlfaWQiOiAiMTdhMmE3MTU3M2I2NzIwMWJjZDEwMTA1MDU5MTcyNWUyMzdjMjM0YiIsCiAgInByaXZhdGVfa2V5IjogIi0tLS0tQkVHSU4gUFJJVkFURSBLRVktLS0tLVxuTUlJRXZRSUJBREFOQmdrcWhraUc5dzBCQVFFRkFBU0NCS2N3Z2dTakFnRUFBb0lCQVFDd3hFSjlqOW5qdERyWlxuU2xXY2lsQ0FHVEV5THZqaGFiaVdrQ0pxbWl5d2Vmb1hHYUJxdm9XNmxmcHh0MmZBdXZtSEMwVGZOQ0xyYjNZclxuZVg0aFhZL0t1VC8rSy9rcjhTb2NPQzA3Rkg4emI2NkErQU04a0cyQ0FtTVNlVSs2eXBudVF3RDZFak4wV1g4L1xuRXMxVWNIejZNdlordVdGQVQ5Z01mSExrRy85cnVtSXdyN0c4bCtNZnowT0duZG9DMjB3Y05RWUplbEYvKzZvYlxudGJDMkRibFRrcGdyMkRrWHZ2OXp2Vlh5UGRDdDd2Q0I3OVZuZkFRQmNCWEFTTDQ0SnYzQXZvSnM5eFhRd2VheFxuSk9DejZiZU01RWQ2Z3NncmxrRHkyc1hFRTFlUlpRTm1vRGhWbERzWHE1bmk2OTQ1dGdyb1RpSlZvRHltWGR6cFxuVVdkSlJtMDFBZ01CQUFFQ2dnRUFFcG9ZdUM5NCtkQTM2REY5S0d2YTFGd3lVK3BqQ1ErdjIvSmZtTkhRTmFNa1xuZVNWYWZ4azlKL2xNQVljUVBWVS8yS0VNTnFQOUw4TUxUOEJwa0ZmUS83KzJkd2hJSU1Kd2tNY3RwVnUvRmhuZ1xuNXBRUy9SN2kwMDF1Z1Ixd2tVTHNaNGs0RTFqeWZzSkRWSThsT2dkYmM1WUU0Q21nalJ6SjZ1aDJ5OEFSaFZQS1xuM0RDRVFwZzA0dG1CUXhINGE1V2U3dVg4SWhwK2FEL1ltc2h6dk1La0hxUjFBWm83OVAvZVI0eHVYZ3FGeU5LQVxuSVN5Uzl3UlplUUZ0Q3FZVld3QlpJQW4vSVR0VlN3aTNJOE5PeDJteTlCeVk0RWpQb244Um1WQXk3SWNuczdJblxuLzZWZ0NXeDJpUDIydVhqZFlmL2V0bjBxa0NyY0J1RXRIWGpUZ1BXcytRS0JnUUQ0aDNuVStoQTV3NFAvQjM1WVxuak1TdmhTN1RJbHZTbWVsSnh5TlpLV2hFRFFyd0pMVlFNODl2NlZoSFF5MDRRSnlYWHljRUZsaG1CT2tpMjc2cVxuYUNiZS9wdXNtTUxSR1JZeStNWGNDTGZCOTVXQjYyUFA1emR3WHo3MU9FU3FHU1NBVTNrVE8zQWZWcy81cjJmd1xueUo1RzdROXN4QkJ6ZmZOQ2Y5aWhYdUU3dlFLQmdRQzJGSXRidjdncTNjdjJ5Mm1UcjBTOWxvUlJpb3lQN1dKVFxubk1HdnVoRGJYckVGRjVTVmtYa28xZW9vNGE0Nk9aWDdEU3gxVUhXVjNONVRORTJseWZGSlZDT05oYVN4QkZJc1xuaXdxbmxiYWdtT0RtYnFtdFRhSWQrN1Q0ODNEQ0dFYm9aZlh0ZndNQ1ZuNWdBYVNLdUQvdC9KcXlnekN5eTB2SlxuRGtOeGdYMlMyUUtCZ0gzc2RzaDRvM3dCR29JL2s3N2VKRklpa3lVYlJaY2hzTmhXOUF3Yk5OODJGSkswcHNHcVxuWHJKL2N1RTRvbExjT2Z0Z2xPNDNQRGNFeWZPRmo4ZmIyY1luRDAyV1lTOTlISWhiRURWNm5WREVWNVpxWkRwVlxuRnZ2eTVuMXRNeTFVYS9BeFd5bHBkbGdLcm5uK2JCWE9NSlFUVFR0NDVEVUFYaDhWay9lL2tUT3BBb0dBUTdDblxuamxoYjh6TzVtK3BMT2FneStmaDNBSWx0Y0NSa0pZbGxTQnI0SVZXMm9abitsd3daNnVCN3lPNzlnby9kL2hNTFxuc0NGVlZYMWkrYk84R2lKVkhWbTJUZXFkSzJIYjJzdG1EcDlONGE1MERiYWVSZHRTcGFycHdKTmdIQWhDZEN0VFxubmhOVjN3eWd0cmhsbjF5WUI3V2RIVGhBWm5mRm1OMUFuWFh5WlNFQ2dZRUF6OWk4azlpV2FEL1AvZXJyUXg5eVxualEwVk9NSnhzd1ZWZ0o5aXhEWHpLdzNoR2lMQXFENW4yTTNGVnF3M3JSc3g0QjdzRVBXY1ZkYjVqTWpmekE5ZVxueTRBMEt3dkxsbGNhK3ZHMmhlQTltbnZDZ2JsMVYrS1YrRHJMekN4SlIrVU80T0JaYVUzTWt0bEJCZFE1aWF2QVxuZUJOY1A2Wi9tNG9qMEx5WlBLN2RRblE9XG4tLS0tLUVORCBQUklWQVRFIEtFWS0tLS0tXG4iLAogICJjbGllbnRfZW1haWwiOiAic2EtZGVtby12bTFAb2phbGEtMS1kZXZvcHMtY2xvdWQtaWFjLmlhbS5nc2VydmljZWFjY291bnQuY29tIiwKICAiY2xpZW50X2lkIjogIjExNTg5MjY3NTU0NDc0NDM4OTA1OCIsCiAgImF1dGhfdXJpIjogImh0dHBzOi8vYWNjb3VudHMuZ29vZ2xlLmNvbS9vL29hdXRoMi9hdXRoIiwKICAidG9rZW5fdXJpIjogImh0dHBzOi8vb2F1dGgyLmdvb2dsZWFwaXMuY29tL3Rva2VuIiwKICAiYXV0aF9wcm92aWRlcl94NTA5X2NlcnRfdXJsIjogImh0dHBzOi8vd3d3Lmdvb2dsZWFwaXMuY29tL29hdXRoMi92MS9jZXJ0cyIsCiAgImNsaWVudF94NTA5X2NlcnRfdXJsIjogImh0dHBzOi8vd3d3Lmdvb2dsZWFwaXMuY29tL3JvYm90L3YxL21ldGFkYXRhL3g1MDkvc2EtZGVtby12bTElNDBvamFsYS0xLWRldm9wcy1jbG91ZC1pYWMuaWFtLmdzZXJ2aWNlYWNjb3VudC5jb20iLAogICJ1bml2ZXJzZV9kb21haW4iOiAiZ29vZ2xlYXBpcy5jb20iCn0K",
            "private_key_type": "TYPE_GOOGLE_CREDENTIALS_FILE",
            "public_key": "LS0tLS1CRUdJTiBDRVJUSUZJQ0FURS0tLS0tCk1JSUMvRENDQWVTZ0F3SUJBZ0lJUEZPRWRKZTBFZW93RFFZSktvWklodmNOQVFFRkJRQXdJREVlTUJ3R0ExVUUKQXhNVk1URTFPRGt5TmpjMU5UUTBOelEwTXpnNU1EVTRNQ0FYRFRJek1USXlPREV6TURBME9Gb1lEems1T1RreApNak14TWpNMU9UVTVXakFnTVI0d0hBWURWUVFERXhVeE1UVTRPVEkyTnpVMU5EUTNORFF6T0Rrd05UZ3dnZ0VpCk1BMEdDU3FHU0liM0RRRUJBUVVBQTRJQkR3QXdnZ0VLQW9JQkFRQ3d4RUo5ajluanREclpTbFdjaWxDQUdURXkKTHZqaGFiaVdrQ0pxbWl5d2Vmb1hHYUJxdm9XNmxmcHh0MmZBdXZtSEMwVGZOQ0xyYjNZcmVYNGhYWS9LdVQvKwpLL2tyOFNvY09DMDdGSDh6YjY2QStBTThrRzJDQW1NU2VVKzZ5cG51UXdENkVqTjBXWDgvRXMxVWNIejZNdlorCnVXRkFUOWdNZkhMa0cvOXJ1bUl3cjdHOGwrTWZ6ME9HbmRvQzIwd2NOUVlKZWxGLys2b2J0YkMyRGJsVGtwZ3IKMkRrWHZ2OXp2Vlh5UGRDdDd2Q0I3OVZuZkFRQmNCWEFTTDQ0SnYzQXZvSnM5eFhRd2VheEpPQ3o2YmVNNUVkNgpnc2dybGtEeTJzWEVFMWVSWlFObW9EaFZsRHNYcTVuaTY5NDV0Z3JvVGlKVm9EeW1YZHpwVVdkSlJtMDFBZ01CCkFBR2pPREEyTUF3R0ExVWRFd0VCL3dRQ01BQXdEZ1lEVlIwUEFRSC9CQVFEQWdlQU1CWUdBMVVkSlFFQi93UU0KTUFvR0NDc0dBUVVGQndNQ01BMEdDU3FHU0liM0RRRUJCUVVBQTRJQkFRQ3QwSXdoR2pMMFFqNXZOSzE2Si9jQgpXQld5cGVVc1JEMlVMRDdmZmM1ZWN4cWxJOFk5K2IxaXByUjA4Ti9xMlZPeVFjbFlDYXNma29jMEprM1ZCZURlClhxbGVjRGJqL0MxV2d6N0tiZ3lMZ1ZtTE5YNVRPWXd5WFlrQ1dlVDZEb0NELytMbjVkSExvUlN6SStKWXA2WXAKWlpxWjRESHloY2dxTDlKa0lkTWxLM0RLS2RoY1IxTlBJRTZBK3BBWEwrWllzZ2VNU3NZOVJndEF2dlQ5S05KRApLMndWTCt3VkZJd1QzU05qSjA1bzd1dTdZclJYUG16MEpFWU5XMHcxTjl4bW10ZFl0NXJLVThGK2JMZHJQTnBLClpHTTV1Z0NhSnZWc2Evc3Ryb2dPRmJtNXViR29DQVRrb0VlVHlOYkIySWlUTHZaVUxqaEZBMXZZbDBDbGFLNW0KLS0tLS1FTkQgQ0VSVElGSUNBVEUtLS0tLQo=",
            "public_key_data": null,
            "public_key_type": "TYPE_X509_PEM_FILE",
            "service_account_id": "projects/ojala-1-devops-cloud-iac/serviceAccounts/sa-demo-vm1@ojala-1-devops-cloud-iac.iam.gserviceaccount.com",
            "valid_after": "2023-12-28T13:00:48Z",
            "valid_before": "9999-12-31T23:59:59Z"
          },
          "sensitive_attributes": [],
          "private": "bnVsbA==",
          "dependencies": [
            "google_service_account.compute",
            "time_rotating.compute"
          ]
        }
      ]
    },
    {
      "mode": "managed",
      "type": "time_rotating",
      "name": "compute",
      "provider": "provider[\"registry.terraform.io/hashicorp/time\"]",
      "instances": [
        {
          "index_key": "sa-demovm1",
          "schema_version": 0,
          "attributes": {
            "day": 27,
            "hour": 13,
            "id": "2023-12-28T13:00:47Z",
            "minute": 0,
            "month": 1,
            "rfc3339": "2023-12-28T13:00:47Z",
            "rotation_days": 30,
            "rotation_hours": null,
            "rotation_minutes": null,
            "rotation_months": null,
            "rotation_rfc3339": "2024-01-27T13:00:47Z",
            "rotation_years": null,
            "second": 47,
            "triggers": null,
            "unix": 1706360447,
            "year": 2024
          },
          "sensitive_attributes": []
        }
      ]
    }
  ],
  "check_results": null
}
